// !$*UTF8*$!
{
	archiveVersion = 1;
	classes = {
	};
	objectVersion = 46;
	objects = {

/* Begin PBXBuildFile section */
		C7A2FC4118A212CC005F7A00 /* Foundation.framework in Frameworks */ = {isa = PBXBuildFile; fileRef = C7A2FC4018A212CC005F7A00 /* Foundation.framework */; };
		C7A2FC4318A212CC005F7A00 /* CoreGraphics.framework in Frameworks */ = {isa = PBXBuildFile; fileRef = C7A2FC4218A212CC005F7A00 /* CoreGraphics.framework */; };
		C7A2FC4518A212CC005F7A00 /* UIKit.framework in Frameworks */ = {isa = PBXBuildFile; fileRef = C7A2FC4418A212CC005F7A00 /* UIKit.framework */; };
		C7A2FC4B18A212CC005F7A00 /* InfoPlist.strings in Resources */ = {isa = PBXBuildFile; fileRef = C7A2FC4918A212CC005F7A00 /* InfoPlist.strings */; };
		C7A2FC4D18A212CC005F7A00 /* main.m in Sources */ = {isa = PBXBuildFile; fileRef = C7A2FC4C18A212CC005F7A00 /* main.m */; };
		C7A2FC5118A212CC005F7A00 /* AppDelegate.m in Sources */ = {isa = PBXBuildFile; fileRef = C7A2FC5018A212CC005F7A00 /* AppDelegate.m */; };
		C7A2FC5418A212CC005F7A00 /* Main.storyboard in Resources */ = {isa = PBXBuildFile; fileRef = C7A2FC5218A212CC005F7A00 /* Main.storyboard */; };
		C7A2FC5718A212CC005F7A00 /* ViewController.m in Sources */ = {isa = PBXBuildFile; fileRef = C7A2FC5618A212CC005F7A00 /* ViewController.m */; };
		C7A2FC5918A212CC005F7A00 /* Images.xcassets in Resources */ = {isa = PBXBuildFile; fileRef = C7A2FC5818A212CC005F7A00 /* Images.xcassets */; };
		C7A2FC6018A212CC005F7A00 /* XCTest.framework in Frameworks */ = {isa = PBXBuildFile; fileRef = C7A2FC5F18A212CC005F7A00 /* XCTest.framework */; };
		C7A2FC6118A212CC005F7A00 /* Foundation.framework in Frameworks */ = {isa = PBXBuildFile; fileRef = C7A2FC4018A212CC005F7A00 /* Foundation.framework */; };
		C7A2FC6218A212CC005F7A00 /* UIKit.framework in Frameworks */ = {isa = PBXBuildFile; fileRef = C7A2FC4418A212CC005F7A00 /* UIKit.framework */; };
		C7A2FC6A18A212CC005F7A00 /* InfoPlist.strings in Resources */ = {isa = PBXBuildFile; fileRef = C7A2FC6818A212CC005F7A00 /* InfoPlist.strings */; };
		C7A2FC6C18A212CC005F7A00 /* NavigationSampleTests.m in Sources */ = {isa = PBXBuildFile; fileRef = C7A2FC6B18A212CC005F7A00 /* NavigationSampleTests.m */; };
		C7A2FC7718A2133F005F7A00 /* SecondViewController.m in Sources */ = {isa = PBXBuildFile; fileRef = C7A2FC7618A2133F005F7A00 /* SecondViewController.m */; };
		C7A2FC7A18A2134C005F7A00 /* ThirdViewController.m in Sources */ = {isa = PBXBuildFile; fileRef = C7A2FC7918A2134C005F7A00 /* ThirdViewController.m */; };
/* End PBXBuildFile section */

/* Begin PBXContainerItemProxy section */
		C7A2FC6318A212CC005F7A00 /* PBXContainerItemProxy */ = {
			isa = PBXContainerItemProxy;
			containerPortal = C7A2FC3518A212CC005F7A00 /* Project object */;
			proxyType = 1;
			remoteGlobalIDString = C7A2FC3C18A212CC005F7A00;
			remoteInfo = NavigationSample;
		};
/* End PBXContainerItemProxy section */

/* Begin PBXFileReference section */
		C7A2FC3D18A212CC005F7A00 /* NavigationSample.app */ = {isa = PBXFileReference; explicitFileType = wrapper.application; includeInIndex = 0; path = NavigationSample.app; sourceTree = BUILT_PRODUCTS_DIR; };
		C7A2FC4018A212CC005F7A00 /* Foundation.framework */ = {isa = PBXFileReference; lastKnownFileType = wrapper.framework; name = Foundation.framework; path = System/Library/Frameworks/Foundation.framework; sourceTree = SDKROOT; };
		C7A2FC4218A212CC005F7A00 /* CoreGraphics.framework */ = {isa = PBXFileReference; lastKnownFileType = wrapper.framework; name = CoreGraphics.framework; path = System/Library/Frameworks/CoreGraphics.framework; sourceTree = SDKROOT; };
		C7A2FC4418A212CC005F7A00 /* UIKit.framework */ = {isa = PBXFileReference; lastKnownFileType = wrapper.framework; name = UIKit.framework; path = System/Library/Frameworks/UIKit.framework; sourceTree = SDKROOT; };
		C7A2FC4818A212CC005F7A00 /* NavigationSample-Info.plist */ = {isa = PBXFileReference; lastKnownFileType = text.plist.xml; path = "NavigationSample-Info.plist"; sourceTree = "<group>"; };
		C7A2FC4A18A212CC005F7A00 /* en */ = {isa = PBXFileReference; lastKnownFileType = text.plist.strings; name = en; path = en.lproj/InfoPlist.strings; sourceTree = "<group>"; };
		C7A2FC4C18A212CC005F7A00 /* main.m */ = {isa = PBXFileReference; lastKnownFileType = sourcecode.c.objc; path = main.m; sourceTree = "<group>"; };
		C7A2FC4E18A212CC005F7A00 /* NavigationSample-Prefix.pch */ = {isa = PBXFileReference; lastKnownFileType = sourcecode.c.h; path = "NavigationSample-Prefix.pch"; sourceTree = "<group>"; };
		C7A2FC4F18A212CC005F7A00 /* AppDelegate.h */ = {isa = PBXFileReference; lastKnownFileType = sourcecode.c.h; path = AppDelegate.h; sourceTree = "<group>"; };
		C7A2FC5018A212CC005F7A00 /* AppDelegate.m */ = {isa = PBXFileReference; lastKnownFileType = sourcecode.c.objc; path = AppDelegate.m; sourceTree = "<group>"; };
		C7A2FC5318A212CC005F7A00 /* Base */ = {isa = PBXFileReference; lastKnownFileType = file.storyboard; name = Base; path = Base.lproj/Main.storyboard; sourceTree = "<group>"; };
		C7A2FC5518A212CC005F7A00 /* ViewController.h */ = {isa = PBXFileReference; lastKnownFileType = sourcecode.c.h; path = ViewController.h; sourceTree = "<group>"; };
		C7A2FC5618A212CC005F7A00 /* ViewController.m */ = {isa = PBXFileReference; lastKnownFileType = sourcecode.c.objc; path = ViewController.m; sourceTree = "<group>"; };
		C7A2FC5818A212CC005F7A00 /* Images.xcassets */ = {isa = PBXFileReference; lastKnownFileType = folder.assetcatalog; path = Images.xcassets; sourceTree = "<group>"; };
		C7A2FC5E18A212CC005F7A00 /* NavigationSampleTests.xctest */ = {isa = PBXFileReference; explicitFileType = wrapper.cfbundle; includeInIndex = 0; path = NavigationSampleTests.xctest; sourceTree = BUILT_PRODUCTS_DIR; };
		C7A2FC5F18A212CC005F7A00 /* XCTest.framework */ = {isa = PBXFileReference; lastKnownFileType = wrapper.framework; name = XCTest.framework; path = Library/Frameworks/XCTest.framework; sourceTree = DEVELOPER_DIR; };
		C7A2FC6718A212CC005F7A00 /* NavigationSampleTests-Info.plist */ = {isa = PBXFileReference; lastKnownFileType = text.plist.xml; path = "NavigationSampleTests-Info.plist"; sourceTree = "<group>"; };
		C7A2FC6918A212CC005F7A00 /* en */ = {isa = PBXFileReference; lastKnownFileType = text.plist.strings; name = en; path = en.lproj/InfoPlist.strings; sourceTree = "<group>"; };
		C7A2FC6B18A212CC005F7A00 /* NavigationSampleTests.m */ = {isa = PBXFileReference; lastKnownFileType = sourcecode.c.objc; path = NavigationSampleTests.m; sourceTree = "<group>"; };
		C7A2FC7518A2133F005F7A00 /* SecondViewController.h */ = {isa = PBXFileReference; fileEncoding = 4; lastKnownFileType = sourcecode.c.h; path = SecondViewController.h; sourceTree = "<group>"; };
		C7A2FC7618A2133F005F7A00 /* SecondViewController.m */ = {isa = PBXFileReference; fileEncoding = 4; lastKnownFileType = sourcecode.c.objc; path = SecondViewController.m; sourceTree = "<group>"; };
		C7A2FC7818A2134C005F7A00 /* ThirdViewController.h */ = {isa = PBXFileReference; fileEncoding = 4; lastKnownFileType = sourcecode.c.h; path = ThirdViewController.h; sourceTree = "<group>"; };
		C7A2FC7918A2134C005F7A00 /* ThirdViewController.m */ = {isa = PBXFileReference; fileEncoding = 4; lastKnownFileType = sourcecode.c.objc; path = ThirdViewController.m; sourceTree = "<group>"; };
/* End PBXFileReference section */

/* Begin PBXFrameworksBuildPhase section */
		C7A2FC3A18A212CC005F7A00 /* Frameworks */ = {
			isa = PBXFrameworksBuildPhase;
			buildActionMask = 2147483647;
			files = (
				C7A2FC4318A212CC005F7A00 /* CoreGraphics.framework in Frameworks */,
				C7A2FC4518A212CC005F7A00 /* UIKit.framework in Frameworks */,
				C7A2FC4118A212CC005F7A00 /* Foundation.framework in Frameworks */,
			);
			runOnlyForDeploymentPostprocessing = 0;
		};
		C7A2FC5B18A212CC005F7A00 /* Frameworks */ = {
			isa = PBXFrameworksBuildPhase;
			buildActionMask = 2147483647;
			files = (
				C7A2FC6018A212CC005F7A00 /* XCTest.framework in Frameworks */,
				C7A2FC6218A212CC005F7A00 /* UIKit.framework in Frameworks */,
				C7A2FC6118A212CC005F7A00 /* Foundation.framework in Frameworks */,
			);
			runOnlyForDeploymentPostprocessing = 0;
		};
/* End PBXFrameworksBuildPhase section */

/* Begin PBXGroup section */
		C7A2FC3418A212CC005F7A00 = {
			isa = PBXGroup;
			children = (
				C7A2FC4618A212CC005F7A00 /* NavigationSample */,
				C7A2FC6518A212CC005F7A00 /* NavigationSampleTests */,
				C7A2FC3F18A212CC005F7A00 /* Frameworks */,
				C7A2FC3E18A212CC005F7A00 /* Products */,
			);
			sourceTree = "<group>";
		};
		C7A2FC3E18A212CC005F7A00 /* Products */ = {
			isa = PBXGroup;
			children = (
				C7A2FC3D18A212CC005F7A00 /* NavigationSample.app */,
				C7A2FC5E18A212CC005F7A00 /* NavigationSampleTests.xctest */,
			);
			name = Products;
			sourceTree = "<group>";
		};
		C7A2FC3F18A212CC005F7A00 /* Frameworks */ = {
			isa = PBXGroup;
			children = (
				C7A2FC4018A212CC005F7A00 /* Foundation.framework */,
				C7A2FC4218A212CC005F7A00 /* CoreGraphics.framework */,
				C7A2FC4418A212CC005F7A00 /* UIKit.framework */,
				C7A2FC5F18A212CC005F7A00 /* XCTest.framework */,
			);
			name = Frameworks;
			sourceTree = "<group>";
		};
		C7A2FC4618A212CC005F7A00 /* NavigationSample */ = {
			isa = PBXGroup;
			children = (
				C7A2FC4F18A212CC005F7A00 /* AppDelegate.h */,
				C7A2FC5018A212CC005F7A00 /* AppDelegate.m */,
				C7A2FC5218A212CC005F7A00 /* Main.storyboard */,
				C7A2FC5518A212CC005F7A00 /* ViewController.h */,
				C7A2FC5618A212CC005F7A00 /* ViewController.m */,
				C7A2FC7518A2133F005F7A00 /* SecondViewController.h */,
				C7A2FC7618A2133F005F7A00 /* SecondViewController.m */,
				C7A2FC7818A2134C005F7A00 /* ThirdViewController.h */,
				C7A2FC7918A2134C005F7A00 /* ThirdViewController.m */,
				C7A2FC5818A212CC005F7A00 /* Images.xcassets */,
				C7A2FC4718A212CC005F7A00 /* Supporting Files */,
			);
			path = NavigationSample;
			sourceTree = "<group>";
		};
		C7A2FC4718A212CC005F7A00 /* Supporting Files */ = {
			isa = PBXGroup;
			children = (
				C7A2FC4818A212CC005F7A00 /* NavigationSample-Info.plist */,
				C7A2FC4918A212CC005F7A00 /* InfoPlist.strings */,
				C7A2FC4C18A212CC005F7A00 /* main.m */,
				C7A2FC4E18A212CC005F7A00 /* NavigationSample-Prefix.pch */,
			);
			name = "Supporting Files";
			sourceTree = "<group>";
		};
		C7A2FC6518A212CC005F7A00 /* NavigationSampleTests */ = {
			isa = PBXGroup;
			children = (
				C7A2FC6B18A212CC005F7A00 /* NavigationSampleTests.m */,
				C7A2FC6618A212CC005F7A00 /* Supporting Files */,
			);
			path = NavigationSampleTests;
			sourceTree = "<group>";
		};
		C7A2FC6618A212CC005F7A00 /* Supporting Files */ = {
			isa = PBXGroup;
			children = (
				C7A2FC6718A212CC005F7A00 /* NavigationSampleTests-Info.plist */,
				C7A2FC6818A212CC005F7A00 /* InfoPlist.strings */,
			);
			name = "Supporting Files";
			sourceTree = "<group>";
		};
/* End PBXGroup section */

/* Begin PBXNativeTarget section */
		C7A2FC3C18A212CC005F7A00 /* NavigationSample */ = {
			isa = PBXNativeTarget;
			buildConfigurationList = C7A2FC6F18A212CC005F7A00 /* Build configuration list for PBXNativeTarget "NavigationSample" */;
			buildPhases = (
				C7A2FC3918A212CC005F7A00 /* Sources */,
				C7A2FC3A18A212CC005F7A00 /* Frameworks */,
				C7A2FC3B18A212CC005F7A00 /* Resources */,
			);
			buildRules = (
			);
			dependencies = (
			);
			name = NavigationSample;
			productName = NavigationSample;
			productReference = C7A2FC3D18A212CC005F7A00 /* NavigationSample.app */;
			productType = "com.apple.product-type.application";
		};
		C7A2FC5D18A212CC005F7A00 /* NavigationSampleTests */ = {
			isa = PBXNativeTarget;
			buildConfigurationList = C7A2FC7218A212CC005F7A00 /* Build configuration list for PBXNativeTarget "NavigationSampleTests" */;
			buildPhases = (
				C7A2FC5A18A212CC005F7A00 /* Sources */,
				C7A2FC5B18A212CC005F7A00 /* Frameworks */,
				C7A2FC5C18A212CC005F7A00 /* Resources */,
			);
			buildRules = (
			);
			dependencies = (
				C7A2FC6418A212CC005F7A00 /* PBXTargetDependency */,
			);
			name = NavigationSampleTests;
			productName = NavigationSampleTests;
			productReference = C7A2FC5E18A212CC005F7A00 /* NavigationSampleTests.xctest */;
			productType = "com.apple.product-type.bundle.unit-test";
		};
/* End PBXNativeTarget section */

/* Begin PBXProject section */
		C7A2FC3518A212CC005F7A00 /* Project object */ = {
			isa = PBXProject;
			attributes = {
				LastUpgradeCheck = 0500;
				ORGANIZATIONNAME = Fobess;
				TargetAttributes = {
					C7A2FC5D18A212CC005F7A00 = {
						TestTargetID = C7A2FC3C18A212CC005F7A00;
					};
				};
			};
			buildConfigurationList = C7A2FC3818A212CC005F7A00 /* Build configuration list for PBXProject "NavigationSample" */;
			compatibilityVersion = "Xcode 3.2";
			developmentRegion = English;
			hasScannedForEncodings = 0;
			knownRegions = (
				en,
				Base,
			);
			mainGroup = C7A2FC3418A212CC005F7A00;
			productRefGroup = C7A2FC3E18A212CC005F7A00 /* Products */;
			projectDirPath = "";
			projectRoot = "";
			targets = (
				C7A2FC3C18A212CC005F7A00 /* NavigationSample */,
				C7A2FC5D18A212CC005F7A00 /* NavigationSampleTests */,
			);
		};
/* End PBXProject section */

/* Begin PBXResourcesBuildPhase section */
		C7A2FC3B18A212CC005F7A00 /* Resources */ = {
			isa = PBXResourcesBuildPhase;
			buildActionMask = 2147483647;
			files = (
				C7A2FC5918A212CC005F7A00 /* Images.xcassets in Resources */,
				C7A2FC4B18A212CC005F7A00 /* InfoPlist.strings in Resources */,
				C7A2FC5418A212CC005F7A00 /* Main.storyboard in Resources */,
			);
			runOnlyForDeploymentPostprocessing = 0;
		};
		C7A2FC5C18A212CC005F7A00 /* Resources */ = {
			isa = PBXResourcesBuildPhase;
			buildActionMask = 2147483647;
			files = (
				C7A2FC6A18A212CC005F7A00 /* InfoPlist.strings in Resources */,
			);
			runOnlyForDeploymentPostprocessing = 0;
		};
/* End PBXResourcesBuildPhase section */

/* Begin PBXSourcesBuildPhase section */
		C7A2FC3918A212CC005F7A00 /* Sources */ = {
			isa = PBXSourcesBuildPhase;
			buildActionMask = 2147483647;
			files = (
				C7A2FC7718A2133F005F7A00 /* SecondViewController.m in Sources */,
				C7A2FC7A18A2134C005F7A00 /* ThirdViewController.m in Sources */,
				C7A2FC5718A212CC005F7A00 /* ViewController.m in Sources */,
				C7A2FC5118A212CC005F7A00 /* AppDelegate.m in Sources */,
				C7A2FC4D18A212CC005F7A00 /* main.m in Sources */,
			);
			runOnlyForDeploymentPostprocessing = 0;
		};
		C7A2FC5A18A212CC005F7A00 /* Sources */ = {
			isa = PBXSourcesBuildPhase;
			buildActionMask = 2147483647;
			files = (
				C7A2FC6C18A212CC005F7A00 /* NavigationSampleTests.m in Sources */,
			);
			runOnlyForDeploymentPostprocessing = 0;
		};
/* End PBXSourcesBuildPhase section */

/* Begin PBXTargetDependency section */
		C7A2FC6418A212CC005F7A00 /* PBXTargetDependency */ = {
			isa = PBXTargetDependency;
			target = C7A2FC3C18A212CC005F7A00 /* NavigationSample */;
			targetProxy = C7A2FC6318A212CC005F7A00 /* PBXContainerItemProxy */;
		};
/* End PBXTargetDependency section */

/* Begin PBXVariantGroup section */
		C7A2FC4918A212CC005F7A00 /* InfoPlist.strings */ = {
			isa = PBXVariantGroup;
			children = (
				C7A2FC4A18A212CC005F7A00 /* en */,
			);
			name = InfoPlist.strings;
			sourceTree = "<group>";
		};
		C7A2FC5218A212CC005F7A00 /* Main.storyboard */ = {
			isa = PBXVariantGroup;
			children = (
				C7A2FC5318A212CC005F7A00 /* Base */,
			);
			name = Main.storyboard;
			sourceTree = "<group>";
		};
		C7A2FC6818A212CC005F7A00 /* InfoPlist.strings */ = {
			isa = PBXVariantGroup;
			children = (
				C7A2FC6918A212CC005F7A00 /* en */,
			);
			name = InfoPlist.strings;
			sourceTree = "<group>";
		};
/* End PBXVariantGroup section */

/* Begin XCBuildConfiguration section */
		C7A2FC6D18A212CC005F7A00 /* Debug */ = {
			isa = XCBuildConfiguration;
			buildSettings = {
				ALWAYS_SEARCH_USER_PATHS = NO;
				ARCHS = "$(ARCHS_STANDARD_INCLUDING_64_BIT)";
				CLANG_CXX_LANGUAGE_STANDARD = "gnu++0x";
				CLANG_CXX_LIBRARY = "libc++";
				CLANG_ENABLE_MODULES = YES;
				CLANG_ENABLE_OBJC_ARC = YES;
				CLANG_WARN_BOOL_CONVERSION = YES;
				CLANG_WARN_CONSTANT_CONVERSION = YES;
				CLANG_WARN_DIRECT_OBJC_ISA_USAGE = YES_ERROR;
				CLANG_WARN_EMPTY_BODY = YES;
				CLANG_WARN_ENUM_CONVERSION = YES;
				CLANG_WARN_INT_CONVERSION = YES;
				CLANG_WARN_OBJC_ROOT_CLASS = YES_ERROR;
				CLANG_WARN__DUPLICATE_METHOD_MATCH = YES;
				"CODE_SIGN_IDENTITY[sdk=iphoneos*]" = "iPhone Developer";
				COPY_PHASE_STRIP = NO;
				GCC_C_LANGUAGE_STANDARD = gnu99;
				GCC_DYNAMIC_NO_PIC = NO;
				GCC_OPTIMIZATION_LEVEL = 0;
				GCC_PREPROCESSOR_DEFINITIONS = (
					"DEBUG=1",
					"$(inherited)",
				);
				GCC_SYMBOLS_PRIVATE_EXTERN = NO;
				GCC_WARN_64_TO_32_BIT_CONVERSION = YES;
				GCC_WARN_ABOUT_RETURN_TYPE = YES_ERROR;
				GCC_WARN_UNDECLARED_SELECTOR = YES;
				GCC_WARN_UNINITIALIZED_AUTOS = YES;
				GCC_WARN_UNUSED_FUNCTION = YES;
				GCC_WARN_UNUSED_VARIABLE = YES;
				IPHONEOS_DEPLOYMENT_TARGET = 7.0;
				ONLY_ACTIVE_ARCH = YES;
				SDKROOT = iphoneos;
			};
			name = Debug;
		};
		C7A2FC6E18A212CC005F7A00 /* Release */ = {
			isa = XCBuildConfiguration;
			buildSettings = {
				ALWAYS_SEARCH_USER_PATHS = NO;
				ARCHS = "$(ARCHS_STANDARD_INCLUDING_64_BIT)";
				CLANG_CXX_LANGUAGE_STANDARD = "gnu++0x";
				CLANG_CXX_LIBRARY = "libc++";
				CLANG_ENABLE_MODULES = YES;
				CLANG_ENABLE_OBJC_ARC = YES;
				CLANG_WARN_BOOL_CONVERSION = YES;
				CLANG_WARN_CONSTANT_CONVERSION = YES;
				CLANG_WARN_DIRECT_OBJC_ISA_USAGE = YES_ERROR;
				CLANG_WARN_EMPTY_BODY = YES;
				CLANG_WARN_ENUM_CONVERSION = YES;
				CLANG_WARN_INT_CONVERSION = YES;
				CLANG_WARN_OBJC_ROOT_CLASS = YES_ERROR;
				CLANG_WARN__DUPLICATE_METHOD_MATCH = YES;
				"CODE_SIGN_IDENTITY[sdk=iphoneos*]" = "iPhone Developer";
				COPY_PHASE_STRIP = YES;
				ENABLE_NS_ASSERTIONS = NO;
				GCC_C_LANGUAGE_STANDARD = gnu99;
				GCC_WARN_64_TO_32_BIT_CONVERSION = YES;
				GCC_WARN_ABOUT_RETURN_TYPE = YES_ERROR;
				GCC_WARN_UNDECLARED_SELECTOR = YES;
				GCC_WARN_UNINITIALIZED_AUTOS = YES;
				GCC_WARN_UNUSED_FUNCTION = YES;
				GCC_WARN_UNUSED_VARIABLE = YES;
				IPHONEOS_DEPLOYMENT_TARGET = 7.0;
				SDKROOT = iphoneos;
				VALIDATE_PRODUCT = YES;
			};
			name = Release;
		};
		C7A2FC7018A212CC005F7A00 /* Debug */ = {
			isa = XCBuildConfiguration;
			buildSettings = {
				ASSETCATALOG_COMPILER_APPICON_NAME = AppIcon;
				ASSETCATALOG_COMPILER_LAUNCHIMAGE_NAME = LaunchImage;
				GCC_PRECOMPILE_PREFIX_HEADER = YES;
				GCC_PREFIX_HEADER = "NavigationSample/NavigationSample-Prefix.pch";
				INFOPLIST_FILE = "NavigationSample/NavigationSample-Info.plist";
				PRODUCT_NAME = "$(TARGET_NAME)";
				WRAPPER_EXTENSION = app;
			};
			name = Debug;
		};
		C7A2FC7118A212CC005F7A00 /* Release */ = {
			isa = XCBuildConfiguration;
			buildSettings = {
				ASSETCATALOG_COMPILER_APPICON_NAME = AppIcon;
				ASSETCATALOG_COMPILER_LAUNCHIMAGE_NAME = LaunchImage;
				GCC_PRECOMPILE_PREFIX_HEADER = YES;
				GCC_PREFIX_HEADER = "NavigationSample/NavigationSample-Prefix.pch";
				INFOPLIST_FILE = "NavigationSample/NavigationSample-Info.plist";
				PRODUCT_NAME = "$(TARGET_NAME)";
				WRAPPER_EXTENSION = app;
			};
			name = Release;
		};
		C7A2FC7318A212CC005F7A00 /* Debug */ = {
			isa = XCBuildConfiguration;
			buildSettings = {
				ARCHS = "$(ARCHS_STANDARD_INCLUDING_64_BIT)";
				BUNDLE_LOADER = "$(BUILT_PRODUCTS_DIR)/NavigationSample.app/NavigationSample";
				FRAMEWORK_SEARCH_PATHS = (
					"$(SDKROOT)/Developer/Library/Frameworks",
					"$(inherited)",
					"$(DEVELOPER_FRAMEWORKS_DIR)",
				);
				GCC_PRECOMPILE_PREFIX_HEADER = YES;
				GCC_PREFIX_HEADER = "NavigationSample/NavigationSample-Prefix.pch";
				GCC_PREPROCESSOR_DEFINITIONS = (
					"DEBUG=1",
					"$(inherited)",
				);
				INFOPLIST_FILE = "NavigationSampleTests/NavigationSampleTests-Info.plist";
				PRODUCT_NAME = "$(TARGET_NAME)";
				TEST_HOST = "$(BUNDLE_LOADER)";
				WRAPPER_EXTENSION = xctest;
			};
			name = Debug;
		};
		C7A2FC7418A212CC005F7A00 /* Release */ = {
			isa = XCBuildConfiguration;
			buildSettings = {
				ARCHS = "$(ARCHS_STANDARD_INCLUDING_64_BIT)";
				BUNDLE_LOADER = "$(BUILT_PRODUCTS_DIR)/NavigationSample.app/NavigationSample";
				FRAMEWORK_SEARCH_PATHS = (
					"$(SDKROOT)/Developer/Library/Frameworks",
					"$(inherited)",
					"$(DEVELOPER_FRAMEWORKS_DIR)",
				);
				GCC_PRECOMPILE_PREFIX_HEADER = YES;
				GCC_PREFIX_HEADER = "NavigationSample/NavigationSample-Prefix.pch";
				INFOPLIST_FILE = "NavigationSampleTests/NavigationSampleTests-Info.plist";
				PRODUCT_NAME = "$(TARGET_NAME)";
				TEST_HOST = "$(BUNDLE_LOADER)";
				WRAPPER_EXTENSION = xctest;
			};
			name = Release;
		};
/* End XCBuildConfiguration section */

/* Begin XCConfigurationList section */
		C7A2FC3818A212CC005F7A00 /* Build configuration list for PBXProject "NavigationSample" */ = {
			isa = XCConfigurationList;
			buildConfigurations = (
				C7A2FC6D18A212CC005F7A00 /* Debug */,
				C7A2FC6E18A212CC005F7A00 /* Release */,
			);
			defaultConfigurationIsVisible = 0;
			defaultConfigurationName = Release;
		};
		C7A2FC6F18A212CC005F7A00 /* Build configuration list for PBXNativeTarget "NavigationSample" */ = {
			isa = XCConfigurationList;
			buildConfigurations = (
				C7A2FC7018A212CC005F7A00 /* Debug */,
				C7A2FC7118A212CC005F7A00 /* Release */,
			);
			defaultConfigurationIsVisible = 0;
		};
		C7A2FC7218A212CC005F7A00 /* Build configuration list for PBXNativeTarget "NavigationSampleTests" */ = {
			isa = XCConfigurationList;
			buildConfigurations = (
				C7A2FC7318A212CC005F7A00 /* Debug */,
				C7A2FC7418A212CC005F7A00 /* Release */,
			);
			defaultConfigurationIsVisible = 0;
		};
/* End XCConfigurationList section */
	};
	rootObject = C7A2FC3518A212CC005F7A00 /* Project object */;
}
